{
  "name": "core.plugin.uuid",
  "version": "0.0.3",
  "lockfileVersion": 1,
  "requires": true,
  "dependencies": {
    "core.loader.extend": {
      "version": "0.0.1",
      "resolved": "https://registry.npmjs.org/core.loader.extend/-/core.loader.extend-0.0.1.tgz",
      "integrity": "sha1-S2kammIvIMIqq0WLpSnF8GQj/AI="
    }
  }
}
